// !$*UTF8*$!
{
	archiveVersion = 1;
	classes = {
	};
	objectVersion = 56;
	objects = {

/* Begin PBXBuildFile section */
		0A1B2C3D4E5F6789 /* HappyApp.swift in Sources */ = {isa = PBXBuildFile; fileRef = 0A1B2C3D4E5F6780 /* HappyApp.swift */; };
		0A1B2C3D4E5F678A /* ContentView.swift in Sources */ = {isa = PBXBuildFile; fileRef = 0A1B2C3D4E5F6781 /* ContentView.swift */; };
		0A1B2C3D4E5F678B /* Assets.xcassets in Resources */ = {isa = PBXBuildFile; fileRef = 0A1B2C3D4E5F6782 /* Assets.xcassets */; };
		0A1B2C3D4E5F678C /* HappyTests.swift in Sources */ = {isa = PBXBuildFile; fileRef = 0A1B2C3D4E5F6783 /* HappyTests.swift */; };
		0A1B2C3D4E5F678D /* HappyUITests.swift in Sources */ = {isa = PBXBuildFile; fileRef = 0A1B2C3D4E5F6784 /* HappyUITests.swift */; };
		0A1B2C3D4E5F678E /* HappyUITestsLaunchTests.swift in Sources */ = {isa = PBXBuildFile; fileRef = 0A1B2C3D4E5F6785 /* HappyUITestsLaunchTests.swift */; };
		B91A2C3D4E5F0001 /* QRCodePayload.swift in Sources */ = {isa = PBXBuildFile; fileRef = B91A2C3D4E5F0010 /* QRCodePayload.swift */; };
		B91A2C3D4E5F0002 /* CameraPermissionService.swift in Sources */ = {isa = PBXBuildFile; fileRef = B91A2C3D4E5F0011 /* CameraPermissionService.swift */; };
		B91A2C3D4E5F0003 /* QRScannerViewModel.swift in Sources */ = {isa = PBXBuildFile; fileRef = B91A2C3D4E5F0012 /* QRScannerViewModel.swift */; };
		B91A2C3D4E5F0004 /* CameraPreviewView.swift in Sources */ = {isa = PBXBuildFile; fileRef = B91A2C3D4E5F0013 /* CameraPreviewView.swift */; };
		B91A2C3D4E5F0005 /* CameraPermissionDeniedView.swift in Sources */ = {isa = PBXBuildFile; fileRef = B91A2C3D4E5F0014 /* CameraPermissionDeniedView.swift */; };
		B91A2C3D4E5F0006 /* PairingConfirmationView.swift in Sources */ = {isa = PBXBuildFile; fileRef = B91A2C3D4E5F0015 /* PairingConfirmationView.swift */; };
		B91A2C3D4E5F0007 /* QRScannerView.swift in Sources */ = {isa = PBXBuildFile; fileRef = B91A2C3D4E5F0016 /* QRScannerView.swift */; };
		B91A2C3D4E5F0008 /* QRCodePayloadTests.swift in Sources */ = {isa = PBXBuildFile; fileRef = B91A2C3D4E5F0017 /* QRCodePayloadTests.swift */; };
		B91A2C3D4E5F0009 /* QRScannerViewModelTests.swift in Sources */ = {isa = PBXBuildFile; fileRef = B91A2C3D4E5F0018 /* QRScannerViewModelTests.swift */; };
		C91A2C3D4E5F0001 /* KeychainHelper.swift in Sources */ = {isa = PBXBuildFile; fileRef = C91A2C3D4E5F0010 /* KeychainHelper.swift */; };
		C91A2C3D4E5F0002 /* KeychainHelperTests.swift in Sources */ = {isa = PBXBuildFile; fileRef = C91A2C3D4E5F0011 /* KeychainHelperTests.swift */; };
		D91A2C3D4E5F0001 /* EncryptionService.swift in Sources */ = {isa = PBXBuildFile; fileRef = D91A2C3D4E5F0010 /* EncryptionService.swift */; };
		D91A2C3D4E5F0002 /* EncryptionServiceTests.swift in Sources */ = {isa = PBXBuildFile; fileRef = D91A2C3D4E5F0011 /* EncryptionServiceTests.swift */; };
		E91A2C3D4E5F0001 /* Session.swift in Sources */ = {isa = PBXBuildFile; fileRef = E91A2C3D4E5F0010 /* Session.swift */; };
		E91A2C3D4E5F0002 /* Message.swift in Sources */ = {isa = PBXBuildFile; fileRef = E91A2C3D4E5F0011 /* Message.swift */; };
		E91A2C3D4E5F0003 /* APIService.swift in Sources */ = {isa = PBXBuildFile; fileRef = E91A2C3D4E5F0012 /* APIService.swift */; };
		E91A2C3D4E5F0004 /* APIServiceTests.swift in Sources */ = {isa = PBXBuildFile; fileRef = E91A2C3D4E5F0013 /* APIServiceTests.swift */; };
		F91A2C3D4E5F0001 /* PushNotificationService.swift in Sources */ = {isa = PBXBuildFile; fileRef = F91A2C3D4E5F0010 /* PushNotificationService.swift */; };
		F91A2C3D4E5F0002 /* NotificationSettingsViewModel.swift in Sources */ = {isa = PBXBuildFile; fileRef = F91A2C3D4E5F0011 /* NotificationSettingsViewModel.swift */; };
		F91A2C3D4E5F0003 /* NotificationSettingsView.swift in Sources */ = {isa = PBXBuildFile; fileRef = F91A2C3D4E5F0012 /* NotificationSettingsView.swift */; };
		F91A2C3D4E5F0004 /* PushNotificationServiceTests.swift in Sources */ = {isa = PBXBuildFile; fileRef = F91A2C3D4E5F0013 /* PushNotificationServiceTests.swift */; };
		F91A2C3D4E5F0005 /* NotificationSettingsViewModelTests.swift in Sources */ = {isa = PBXBuildFile; fileRef = F91A2C3D4E5F0014 /* NotificationSettingsViewModelTests.swift */; };
		G91A2C3D4E5F0001 /* SyncService.swift in Sources */ = {isa = PBXBuildFile; fileRef = G91A2C3D4E5F0010 /* SyncService.swift */; };
		G91A2C3D4E5F0002 /* SyncServiceTests.swift in Sources */ = {isa = PBXBuildFile; fileRef = G91A2C3D4E5F0011 /* SyncServiceTests.swift */; };
		H91A2C3D4E5F0001 /* AuthService.swift in Sources */ = {isa = PBXBuildFile; fileRef = H91A2C3D4E5F0010 /* AuthService.swift */; };
		H91A2C3D4E5F0002 /* AuthenticationViewModel.swift in Sources */ = {isa = PBXBuildFile; fileRef = H91A2C3D4E5F0011 /* AuthenticationViewModel.swift */; };
		H91A2C3D4E5F0003 /* AuthServiceTests.swift in Sources */ = {isa = PBXBuildFile; fileRef = H91A2C3D4E5F0012 /* AuthServiceTests.swift */; };
		K91A2C3D4E5F0001 /* SessionListViewModel.swift in Sources */ = {isa = PBXBuildFile; fileRef = K91A2C3D4E5F0010 /* SessionListViewModel.swift */; };
		K91A2C3D4E5F0002 /* SessionDetailViewModel.swift in Sources */ = {isa = PBXBuildFile; fileRef = K91A2C3D4E5F0011 /* SessionDetailViewModel.swift */; };
		K91A2C3D4E5F0003 /* SessionListView.swift in Sources */ = {isa = PBXBuildFile; fileRef = K91A2C3D4E5F0012 /* SessionListView.swift */; };
		K91A2C3D4E5F0004 /* SessionDetailView.swift in Sources */ = {isa = PBXBuildFile; fileRef = K91A2C3D4E5F0013 /* SessionDetailView.swift */; };
		K91A2C3D4E5F0005 /* SessionRowView.swift in Sources */ = {isa = PBXBuildFile; fileRef = K91A2C3D4E5F0014 /* SessionRowView.swift */; };
		K91A2C3D4E5F0006 /* SessionViewModelTests.swift in Sources */ = {isa = PBXBuildFile; fileRef = K91A2C3D4E5F0015 /* SessionViewModelTests.swift */; };
		J91A2C3D4E5F0001 /* PairingProgressView.swift in Sources */ = {isa = PBXBuildFile; fileRef = J91A2C3D4E5F0010 /* PairingProgressView.swift */; };
		J91A2C3D4E5F0002 /* AuthenticationViewModelTests.swift in Sources */ = {isa = PBXBuildFile; fileRef = J91A2C3D4E5F0011 /* AuthenticationViewModelTests.swift */; };
		L91A2C3D4E5F0001 /* QRScannerIntegrationTests.swift in Sources */ = {isa = PBXBuildFile; fileRef = L91A2C3D4E5F0010 /* QRScannerIntegrationTests.swift */; };
		M91A2C3D4E5F0001 /* String+Localization.swift in Sources */ = {isa = PBXBuildFile; fileRef = M91A2C3D4E5F0010 /* String+Localization.swift */; };
		M91A2C3D4E5F0002 /* Localizable.strings in Resources */ = {isa = PBXBuildFile; fileRef = M91A2C3D4E5F0020 /* Localizable.strings */; };
		M91A2C3D4E5F0003 /* Localizable.stringsdict in Resources */ = {isa = PBXBuildFile; fileRef = M91A2C3D4E5F0030 /* Localizable.stringsdict */; };
		M91A2C3D4E5F0004 /* InfoPlist.strings in Resources */ = {isa = PBXBuildFile; fileRef = M91A2C3D4E5F0040 /* InfoPlist.strings */; };
		Q91A2C3D4E5F0001 /* Artifact.swift in Sources */ = {isa = PBXBuildFile; fileRef = Q91A2C3D4E5F0010 /* Artifact.swift */; };
		Q91A2C3D4E5F0002 /* ArtifactViewModel.swift in Sources */ = {isa = PBXBuildFile; fileRef = Q91A2C3D4E5F0011 /* ArtifactViewModel.swift */; };
		Q91A2C3D4E5F0003 /* ArtifactListView.swift in Sources */ = {isa = PBXBuildFile; fileRef = Q91A2C3D4E5F0012 /* ArtifactListView.swift */; };
		Q91A2C3D4E5F0004 /* ArtifactDetailView.swift in Sources */ = {isa = PBXBuildFile; fileRef = Q91A2C3D4E5F0013 /* ArtifactDetailView.swift */; };
		Q91A2C3D4E5F0005 /* CodeHighlightView.swift in Sources */ = {isa = PBXBuildFile; fileRef = Q91A2C3D4E5F0014 /* CodeHighlightView.swift */; };
		Q91A2C3D4E5F0006 /* SyntaxHighlighter.swift in Sources */ = {isa = PBXBuildFile; fileRef = Q91A2C3D4E5F0015 /* SyntaxHighlighter.swift */; };
		Q91A2C3D4E5F0007 /* ArtifactTests.swift in Sources */ = {isa = PBXBuildFile; fileRef = Q91A2C3D4E5F0016 /* ArtifactTests.swift */; };
		Q91A2C3D4E5F0008 /* SyntaxHighlighterTests.swift in Sources */ = {isa = PBXBuildFile; fileRef = Q91A2C3D4E5F0017 /* SyntaxHighlighterTests.swift */; };
		R91A2C3D4E5F0001 /* Friend.swift in Sources */ = {isa = PBXBuildFile; fileRef = R91A2C3D4E5F0010 /* Friend.swift */; };
		R91A2C3D4E5F0002 /* FriendRequest.swift in Sources */ = {isa = PBXBuildFile; fileRef = R91A2C3D4E5F0011 /* FriendRequest.swift */; };
		R91A2C3D4E5F0003 /* FriendsViewModel.swift in Sources */ = {isa = PBXBuildFile; fileRef = R91A2C3D4E5F0012 /* FriendsViewModel.swift */; };
		R91A2C3D4E5F0004 /* FriendsListView.swift in Sources */ = {isa = PBXBuildFile; fileRef = R91A2C3D4E5F0013 /* FriendsListView.swift */; };
		R91A2C3D4E5F0005 /* FriendRequestView.swift in Sources */ = {isa = PBXBuildFile; fileRef = R91A2C3D4E5F0014 /* FriendRequestView.swift */; };
		R91A2C3D4E5F0006 /* AddFriendView.swift in Sources */ = {isa = PBXBuildFile; fileRef = R91A2C3D4E5F0015 /* AddFriendView.swift */; };
		R91A2C3D4E5F0007 /* FriendProfileView.swift in Sources */ = {isa = PBXBuildFile; fileRef = R91A2C3D4E5F0016 /* FriendProfileView.swift */; };
		R91A2C3D4E5F0008 /* FriendsViewModelTests.swift in Sources */ = {isa = PBXBuildFile; fileRef = R91A2C3D4E5F0017 /* FriendsViewModelTests.swift */; };
		N91A2C3D4E5F0001 /* VoiceSettings.swift in Sources */ = {isa = PBXBuildFile; fileRef = N91A2C3D4E5F0010 /* VoiceSettings.swift */; };
		N91A2C3D4E5F0002 /* VoiceService.swift in Sources */ = {isa = PBXBuildFile; fileRef = N91A2C3D4E5F0011 /* VoiceService.swift */; };
		N91A2C3D4E5F0003 /* VoiceViewModel.swift in Sources */ = {isa = PBXBuildFile; fileRef = N91A2C3D4E5F0012 /* VoiceViewModel.swift */; };
		N91A2C3D4E5F0004 /* VoiceControlView.swift in Sources */ = {isa = PBXBuildFile; fileRef = N91A2C3D4E5F0013 /* VoiceControlView.swift */; };
		N91A2C3D4E5F0005 /* VoiceSettingsView.swift in Sources */ = {isa = PBXBuildFile; fileRef = N91A2C3D4E5F0014 /* VoiceSettingsView.swift */; };
		N91A2C3D4E5F0006 /* VoiceServiceTests.swift in Sources */ = {isa = PBXBuildFile; fileRef = N91A2C3D4E5F0015 /* VoiceServiceTests.swift */; };
		P91A2C3D4E5F0001 /* SubscriptionPlan.swift in Sources */ = {isa = PBXBuildFile; fileRef = P91A2C3D4E5F0010 /* SubscriptionPlan.swift */; };
		P91A2C3D4E5F0002 /* PurchaseService.swift in Sources */ = {isa = PBXBuildFile; fileRef = P91A2C3D4E5F0011 /* PurchaseService.swift */; };
		P91A2C3D4E5F0003 /* PurchaseViewModel.swift in Sources */ = {isa = PBXBuildFile; fileRef = P91A2C3D4E5F0012 /* PurchaseViewModel.swift */; };
		P91A2C3D4E5F0004 /* PaywallView.swift in Sources */ = {isa = PBXBuildFile; fileRef = P91A2C3D4E5F0013 /* PaywallView.swift */; };
		P91A2C3D4E5F0005 /* SubscriptionStatusView.swift in Sources */ = {isa = PBXBuildFile; fileRef = P91A2C3D4E5F0014 /* SubscriptionStatusView.swift */; };
		P91A2C3D4E5F0006 /* PurchaseServiceTests.swift in Sources */ = {isa = PBXBuildFile; fileRef = P91A2C3D4E5F0015 /* PurchaseServiceTests.swift */; };
		T91A2C3D4E5F0001 /* UsageData.swift in Sources */ = {isa = PBXBuildFile; fileRef = T91A2C3D4E5F0010 /* UsageData.swift */; };
		T91A2C3D4E5F0002 /* UsageLimitsViewModel.swift in Sources */ = {isa = PBXBuildFile; fileRef = T91A2C3D4E5F0011 /* UsageLimitsViewModel.swift */; };
		T91A2C3D4E5F0003 /* UsageLimitsWidget.swift in Sources */ = {isa = PBXBuildFile; fileRef = T91A2C3D4E5F0012 /* UsageLimitsWidget.swift */; };
		T91A2C3D4E5F0004 /* UsageLimitsDetailView.swift in Sources */ = {isa = PBXBuildFile; fileRef = T91A2C3D4E5F0013 /* UsageLimitsDetailView.swift */; };
		T91A2C3D4E5F0005 /* UsageLimitsTests.swift in Sources */ = {isa = PBXBuildFile; fileRef = T91A2C3D4E5F0014 /* UsageLimitsTests.swift */; };
		V91A2C3D4E5F0001 /* SyncServiceReconnectionTests.swift in Sources */ = {isa = PBXBuildFile; fileRef = V91A2C3D4E5F0010 /* SyncServiceReconnectionTests.swift */; };
		X91A2C3D4E5F0001 /* RevenueCatPurchaseService.swift in Sources */ = {isa = PBXBuildFile; fileRef = X91A2C3D4E5F0010 /* RevenueCatPurchaseService.swift */; };
		X91A2C3D4E5F0002 /* EntitlementService.swift in Sources */ = {isa = PBXBuildFile; fileRef = X91A2C3D4E5F0011 /* EntitlementService.swift */; };
		X91A2C3D4E5F0003 /* PurchaseAnalyticsService.swift in Sources */ = {isa = PBXBuildFile; fileRef = X91A2C3D4E5F0012 /* PurchaseAnalyticsService.swift */; };
		X91A2C3D4E5F0004 /* RevenueCatPurchaseServiceTests.swift in Sources */ = {isa = PBXBuildFile; fileRef = X91A2C3D4E5F0013 /* RevenueCatPurchaseServiceTests.swift */; };
		W91A2C3D4E5F0001 /* LiveKitVoiceChatService.swift in Sources */ = {isa = PBXBuildFile; fileRef = W91A2C3D4E5F0010 /* LiveKitVoiceChatService.swift */; };
		W91A2C3D4E5F0002 /* VoiceChatViewModel.swift in Sources */ = {isa = PBXBuildFile; fileRef = W91A2C3D4E5F0011 /* VoiceChatViewModel.swift */; };
		W91A2C3D4E5F0003 /* VoiceChatView.swift in Sources */ = {isa = PBXBuildFile; fileRef = W91A2C3D4E5F0012 /* VoiceChatView.swift */; };
		W91A2C3D4E5F0004 /* AudioRoutingView.swift in Sources */ = {isa = PBXBuildFile; fileRef = W91A2C3D4E5F0013 /* AudioRoutingView.swift */; };
/* End PBXBuildFile section */

/* Begin PBXContainerItemProxy section */
		0A1B2C3D4E5F6790 /* PBXContainerItemProxy */ = {
			isa = PBXContainerItemProxy;
			containerPortal = 0A1B2C3D4E5F6770 /* Project object */;
			proxyType = 1;
			remoteGlobalIDString = 0A1B2C3D4E5F6771;
			remoteInfo = Happy;
		};
		0A1B2C3D4E5F6791 /* PBXContainerItemProxy */ = {
			isa = PBXContainerItemProxy;
			containerPortal = 0A1B2C3D4E5F6770 /* Project object */;
			proxyType = 1;
			remoteGlobalIDString = 0A1B2C3D4E5F6771;
			remoteInfo = Happy;
		};
/* End PBXContainerItemProxy section */

/* Begin PBXFileReference section */
		0A1B2C3D4E5F6772 /* Happy.app */ = {isa = PBXFileReference; explicitFileType = wrapper.application; includeInIndex = 0; path = Happy.app; sourceTree = BUILT_PRODUCTS_DIR; };
		0A1B2C3D4E5F6780 /* HappyApp.swift */ = {isa = PBXFileReference; lastKnownFileType = sourcecode.swift; path = HappyApp.swift; sourceTree = "<group>"; };
		0A1B2C3D4E5F6781 /* ContentView.swift */ = {isa = PBXFileReference; lastKnownFileType = sourcecode.swift; path = ContentView.swift; sourceTree = "<group>"; };
		0A1B2C3D4E5F6782 /* Assets.xcassets */ = {isa = PBXFileReference; lastKnownFileType = folder.assetcatalog; path = Assets.xcassets; sourceTree = "<group>"; };
		0A1B2C3D4E5F6783 /* HappyTests.swift */ = {isa = PBXFileReference; lastKnownFileType = sourcecode.swift; path = HappyTests.swift; sourceTree = "<group>"; };
		0A1B2C3D4E5F6784 /* HappyUITests.swift */ = {isa = PBXFileReference; lastKnownFileType = sourcecode.swift; path = HappyUITests.swift; sourceTree = "<group>"; };
		0A1B2C3D4E5F6785 /* HappyUITestsLaunchTests.swift */ = {isa = PBXFileReference; lastKnownFileType = sourcecode.swift; path = HappyUITestsLaunchTests.swift; sourceTree = "<group>"; };
		0A1B2C3D4E5F6786 /* HappyTests.xctest */ = {isa = PBXFileReference; explicitFileType = wrapper.cfbundle; includeInIndex = 0; path = HappyTests.xctest; sourceTree = BUILT_PRODUCTS_DIR; };
		0A1B2C3D4E5F6787 /* HappyUITests.xctest */ = {isa = PBXFileReference; explicitFileType = wrapper.cfbundle; includeInIndex = 0; path = HappyUITests.xctest; sourceTree = BUILT_PRODUCTS_DIR; };
		0A1B2C3D4E5F6788 /* Info.plist */ = {isa = PBXFileReference; lastKnownFileType = text.plist.xml; path = Info.plist; sourceTree = "<group>"; };
		B91A2C3D4E5F0010 /* QRCodePayload.swift */ = {isa = PBXFileReference; lastKnownFileType = sourcecode.swift; path = QRCodePayload.swift; sourceTree = "<group>"; };
		B91A2C3D4E5F0011 /* CameraPermissionService.swift */ = {isa = PBXFileReference; lastKnownFileType = sourcecode.swift; path = CameraPermissionService.swift; sourceTree = "<group>"; };
		B91A2C3D4E5F0012 /* QRScannerViewModel.swift */ = {isa = PBXFileReference; lastKnownFileType = sourcecode.swift; path = QRScannerViewModel.swift; sourceTree = "<group>"; };
		B91A2C3D4E5F0013 /* CameraPreviewView.swift */ = {isa = PBXFileReference; lastKnownFileType = sourcecode.swift; path = CameraPreviewView.swift; sourceTree = "<group>"; };
		B91A2C3D4E5F0014 /* CameraPermissionDeniedView.swift */ = {isa = PBXFileReference; lastKnownFileType = sourcecode.swift; path = CameraPermissionDeniedView.swift; sourceTree = "<group>"; };
		B91A2C3D4E5F0015 /* PairingConfirmationView.swift */ = {isa = PBXFileReference; lastKnownFileType = sourcecode.swift; path = PairingConfirmationView.swift; sourceTree = "<group>"; };
		B91A2C3D4E5F0016 /* QRScannerView.swift */ = {isa = PBXFileReference; lastKnownFileType = sourcecode.swift; path = QRScannerView.swift; sourceTree = "<group>"; };
		B91A2C3D4E5F0017 /* QRCodePayloadTests.swift */ = {isa = PBXFileReference; lastKnownFileType = sourcecode.swift; path = QRCodePayloadTests.swift; sourceTree = "<group>"; };
		B91A2C3D4E5F0018 /* QRScannerViewModelTests.swift */ = {isa = PBXFileReference; lastKnownFileType = sourcecode.swift; path = QRScannerViewModelTests.swift; sourceTree = "<group>"; };
		C91A2C3D4E5F0010 /* KeychainHelper.swift */ = {isa = PBXFileReference; lastKnownFileType = sourcecode.swift; path = KeychainHelper.swift; sourceTree = "<group>"; };
		C91A2C3D4E5F0011 /* KeychainHelperTests.swift */ = {isa = PBXFileReference; lastKnownFileType = sourcecode.swift; path = KeychainHelperTests.swift; sourceTree = "<group>"; };
		D91A2C3D4E5F0010 /* EncryptionService.swift */ = {isa = PBXFileReference; lastKnownFileType = sourcecode.swift; path = EncryptionService.swift; sourceTree = "<group>"; };
		D91A2C3D4E5F0011 /* EncryptionServiceTests.swift */ = {isa = PBXFileReference; lastKnownFileType = sourcecode.swift; path = EncryptionServiceTests.swift; sourceTree = "<group>"; };
		E91A2C3D4E5F0010 /* Session.swift */ = {isa = PBXFileReference; lastKnownFileType = sourcecode.swift; path = Session.swift; sourceTree = "<group>"; };
		E91A2C3D4E5F0011 /* Message.swift */ = {isa = PBXFileReference; lastKnownFileType = sourcecode.swift; path = Message.swift; sourceTree = "<group>"; };
		E91A2C3D4E5F0012 /* APIService.swift */ = {isa = PBXFileReference; lastKnownFileType = sourcecode.swift; path = APIService.swift; sourceTree = "<group>"; };
		E91A2C3D4E5F0013 /* APIServiceTests.swift */ = {isa = PBXFileReference; lastKnownFileType = sourcecode.swift; path = APIServiceTests.swift; sourceTree = "<group>"; };
		F91A2C3D4E5F0010 /* PushNotificationService.swift */ = {isa = PBXFileReference; lastKnownFileType = sourcecode.swift; path = PushNotificationService.swift; sourceTree = "<group>"; };
		F91A2C3D4E5F0011 /* NotificationSettingsViewModel.swift */ = {isa = PBXFileReference; lastKnownFileType = sourcecode.swift; path = NotificationSettingsViewModel.swift; sourceTree = "<group>"; };
		F91A2C3D4E5F0012 /* NotificationSettingsView.swift */ = {isa = PBXFileReference; lastKnownFileType = sourcecode.swift; path = NotificationSettingsView.swift; sourceTree = "<group>"; };
		F91A2C3D4E5F0013 /* PushNotificationServiceTests.swift */ = {isa = PBXFileReference; lastKnownFileType = sourcecode.swift; path = PushNotificationServiceTests.swift; sourceTree = "<group>"; };
		F91A2C3D4E5F0014 /* NotificationSettingsViewModelTests.swift */ = {isa = PBXFileReference; lastKnownFileType = sourcecode.swift; path = NotificationSettingsViewModelTests.swift; sourceTree = "<group>"; };
		F91A2C3D4E5F0015 /* Happy.entitlements */ = {isa = PBXFileReference; lastKnownFileType = text.plist.entitlements; path = Happy.entitlements; sourceTree = "<group>"; };
		U91A2C3D4E5F0001 /* HappyRelease.entitlements */ = {isa = PBXFileReference; lastKnownFileType = text.plist.entitlements; path = HappyRelease.entitlements; sourceTree = "<group>"; };
		G91A2C3D4E5F0010 /* SyncService.swift */ = {isa = PBXFileReference; lastKnownFileType = sourcecode.swift; path = SyncService.swift; sourceTree = "<group>"; };
		G91A2C3D4E5F0011 /* SyncServiceTests.swift */ = {isa = PBXFileReference; lastKnownFileType = sourcecode.swift; path = SyncServiceTests.swift; sourceTree = "<group>"; };
		H91A2C3D4E5F0010 /* AuthService.swift */ = {isa = PBXFileReference; lastKnownFileType = sourcecode.swift; path = AuthService.swift; sourceTree = "<group>"; };
		H91A2C3D4E5F0011 /* AuthenticationViewModel.swift */ = {isa = PBXFileReference; lastKnownFileType = sourcecode.swift; path = AuthenticationViewModel.swift; sourceTree = "<group>"; };
		H91A2C3D4E5F0012 /* AuthServiceTests.swift */ = {isa = PBXFileReference; lastKnownFileType = sourcecode.swift; path = AuthServiceTests.swift; sourceTree = "<group>"; };
		K91A2C3D4E5F0010 /* SessionListViewModel.swift */ = {isa = PBXFileReference; lastKnownFileType = sourcecode.swift; path = SessionListViewModel.swift; sourceTree = "<group>"; };
		K91A2C3D4E5F0011 /* SessionDetailViewModel.swift */ = {isa = PBXFileReference; lastKnownFileType = sourcecode.swift; path = SessionDetailViewModel.swift; sourceTree = "<group>"; };
		K91A2C3D4E5F0012 /* SessionListView.swift */ = {isa = PBXFileReference; lastKnownFileType = sourcecode.swift; path = SessionListView.swift; sourceTree = "<group>"; };
		K91A2C3D4E5F0013 /* SessionDetailView.swift */ = {isa = PBXFileReference; lastKnownFileType = sourcecode.swift; path = SessionDetailView.swift; sourceTree = "<group>"; };
		K91A2C3D4E5F0014 /* SessionRowView.swift */ = {isa = PBXFileReference; lastKnownFileType = sourcecode.swift; path = SessionRowView.swift; sourceTree = "<group>"; };
		K91A2C3D4E5F0015 /* SessionViewModelTests.swift */ = {isa = PBXFileReference; lastKnownFileType = sourcecode.swift; path = SessionViewModelTests.swift; sourceTree = "<group>"; };
		J91A2C3D4E5F0010 /* PairingProgressView.swift */ = {isa = PBXFileReference; lastKnownFileType = sourcecode.swift; path = PairingProgressView.swift; sourceTree = "<group>"; };
		J91A2C3D4E5F0011 /* AuthenticationViewModelTests.swift */ = {isa = PBXFileReference; lastKnownFileType = sourcecode.swift; path = AuthenticationViewModelTests.swift; sourceTree = "<group>"; };
		L91A2C3D4E5F0010 /* QRScannerIntegrationTests.swift */ = {isa = PBXFileReference; lastKnownFileType = sourcecode.swift; path = QRScannerIntegrationTests.swift; sourceTree = "<group>"; };
		M91A2C3D4E5F0010 /* String+Localization.swift */ = {isa = PBXFileReference; lastKnownFileType = sourcecode.swift; path = "String+Localization.swift"; sourceTree = "<group>"; };
		M91A2C3D4E5F0021 /* en */ = {isa = PBXFileReference; lastKnownFileType = text.plist.strings; name = en; path = en.lproj/Localizable.strings; sourceTree = "<group>"; };
		M91A2C3D4E5F0022 /* es */ = {isa = PBXFileReference; lastKnownFileType = text.plist.strings; name = es; path = es.lproj/Localizable.strings; sourceTree = "<group>"; };
		M91A2C3D4E5F0023 /* fr */ = {isa = PBXFileReference; lastKnownFileType = text.plist.strings; name = fr; path = fr.lproj/Localizable.strings; sourceTree = "<group>"; };
		M91A2C3D4E5F0024 /* de */ = {isa = PBXFileReference; lastKnownFileType = text.plist.strings; name = de; path = de.lproj/Localizable.strings; sourceTree = "<group>"; };
		M91A2C3D4E5F0025 /* ja */ = {isa = PBXFileReference; lastKnownFileType = text.plist.strings; name = ja; path = ja.lproj/Localizable.strings; sourceTree = "<group>"; };
		M91A2C3D4E5F0026 /* zh-Hans */ = {isa = PBXFileReference; lastKnownFileType = text.plist.strings; name = "zh-Hans"; path = "zh-Hans.lproj/Localizable.strings"; sourceTree = "<group>"; };
		M91A2C3D4E5F0027 /* ko */ = {isa = PBXFileReference; lastKnownFileType = text.plist.strings; name = ko; path = ko.lproj/Localizable.strings; sourceTree = "<group>"; };
		M91A2C3D4E5F0031 /* en */ = {isa = PBXFileReference; lastKnownFileType = text.plist.stringsdict; name = en; path = en.lproj/Localizable.stringsdict; sourceTree = "<group>"; };
		M91A2C3D4E5F0032 /* es */ = {isa = PBXFileReference; lastKnownFileType = text.plist.stringsdict; name = es; path = es.lproj/Localizable.stringsdict; sourceTree = "<group>"; };
		M91A2C3D4E5F0033 /* fr */ = {isa = PBXFileReference; lastKnownFileType = text.plist.stringsdict; name = fr; path = fr.lproj/Localizable.stringsdict; sourceTree = "<group>"; };
		M91A2C3D4E5F0034 /* de */ = {isa = PBXFileReference; lastKnownFileType = text.plist.stringsdict; name = de; path = de.lproj/Localizable.stringsdict; sourceTree = "<group>"; };
		M91A2C3D4E5F0035 /* ja */ = {isa = PBXFileReference; lastKnownFileType = text.plist.stringsdict; name = ja; path = ja.lproj/Localizable.stringsdict; sourceTree = "<group>"; };
		M91A2C3D4E5F0036 /* zh-Hans */ = {isa = PBXFileReference; lastKnownFileType = text.plist.stringsdict; name = "zh-Hans"; path = "zh-Hans.lproj/Localizable.stringsdict"; sourceTree = "<group>"; };
		M91A2C3D4E5F0037 /* ko */ = {isa = PBXFileReference; lastKnownFileType = text.plist.stringsdict; name = ko; path = ko.lproj/Localizable.stringsdict; sourceTree = "<group>"; };
		M91A2C3D4E5F0041 /* en */ = {isa = PBXFileReference; lastKnownFileType = text.plist.strings; name = en; path = en.lproj/InfoPlist.strings; sourceTree = "<group>"; };
		M91A2C3D4E5F0042 /* es */ = {isa = PBXFileReference; lastKnownFileType = text.plist.strings; name = es; path = es.lproj/InfoPlist.strings; sourceTree = "<group>"; };
		M91A2C3D4E5F0043 /* fr */ = {isa = PBXFileReference; lastKnownFileType = text.plist.strings; name = fr; path = fr.lproj/InfoPlist.strings; sourceTree = "<group>"; };
		M91A2C3D4E5F0044 /* de */ = {isa = PBXFileReference; lastKnownFileType = text.plist.strings; name = de; path = de.lproj/InfoPlist.strings; sourceTree = "<group>"; };
		M91A2C3D4E5F0045 /* ja */ = {isa = PBXFileReference; lastKnownFileType = text.plist.strings; name = ja; path = ja.lproj/InfoPlist.strings; sourceTree = "<group>"; };
		M91A2C3D4E5F0046 /* zh-Hans */ = {isa = PBXFileReference; lastKnownFileType = text.plist.strings; name = "zh-Hans"; path = "zh-Hans.lproj/InfoPlist.strings"; sourceTree = "<group>"; };
		M91A2C3D4E5F0047 /* ko */ = {isa = PBXFileReference; lastKnownFileType = text.plist.strings; name = ko; path = ko.lproj/InfoPlist.strings; sourceTree = "<group>"; };
		Q91A2C3D4E5F0010 /* Artifact.swift */ = {isa = PBXFileReference; lastKnownFileType = sourcecode.swift; path = Artifact.swift; sourceTree = "<group>"; };
		Q91A2C3D4E5F0011 /* ArtifactViewModel.swift */ = {isa = PBXFileReference; lastKnownFileType = sourcecode.swift; path = ArtifactViewModel.swift; sourceTree = "<group>"; };
		Q91A2C3D4E5F0012 /* ArtifactListView.swift */ = {isa = PBXFileReference; lastKnownFileType = sourcecode.swift; path = ArtifactListView.swift; sourceTree = "<group>"; };
		Q91A2C3D4E5F0013 /* ArtifactDetailView.swift */ = {isa = PBXFileReference; lastKnownFileType = sourcecode.swift; path = ArtifactDetailView.swift; sourceTree = "<group>"; };
		Q91A2C3D4E5F0014 /* CodeHighlightView.swift */ = {isa = PBXFileReference; lastKnownFileType = sourcecode.swift; path = CodeHighlightView.swift; sourceTree = "<group>"; };
		Q91A2C3D4E5F0015 /* SyntaxHighlighter.swift */ = {isa = PBXFileReference; lastKnownFileType = sourcecode.swift; path = SyntaxHighlighter.swift; sourceTree = "<group>"; };
		Q91A2C3D4E5F0016 /* ArtifactTests.swift */ = {isa = PBXFileReference; lastKnownFileType = sourcecode.swift; path = ArtifactTests.swift; sourceTree = "<group>"; };
		Q91A2C3D4E5F0017 /* SyntaxHighlighterTests.swift */ = {isa = PBXFileReference; lastKnownFileType = sourcecode.swift; path = SyntaxHighlighterTests.swift; sourceTree = "<group>"; };
		N91A2C3D4E5F0010 /* VoiceSettings.swift */ = {isa = PBXFileReference; lastKnownFileType = sourcecode.swift; path = VoiceSettings.swift; sourceTree = "<group>"; };
		N91A2C3D4E5F0011 /* VoiceService.swift */ = {isa = PBXFileReference; lastKnownFileType = sourcecode.swift; path = VoiceService.swift; sourceTree = "<group>"; };
		N91A2C3D4E5F0012 /* VoiceViewModel.swift */ = {isa = PBXFileReference; lastKnownFileType = sourcecode.swift; path = VoiceViewModel.swift; sourceTree = "<group>"; };
		N91A2C3D4E5F0013 /* VoiceControlView.swift */ = {isa = PBXFileReference; lastKnownFileType = sourcecode.swift; path = VoiceControlView.swift; sourceTree = "<group>"; };
		N91A2C3D4E5F0014 /* VoiceSettingsView.swift */ = {isa = PBXFileReference; lastKnownFileType = sourcecode.swift; path = VoiceSettingsView.swift; sourceTree = "<group>"; };
		N91A2C3D4E5F0015 /* VoiceServiceTests.swift */ = {isa = PBXFileReference; lastKnownFileType = sourcecode.swift; path = VoiceServiceTests.swift; sourceTree = "<group>"; };
		R91A2C3D4E5F0010 /* Friend.swift */ = {isa = PBXFileReference; lastKnownFileType = sourcecode.swift; path = Friend.swift; sourceTree = "<group>"; };
		R91A2C3D4E5F0011 /* FriendRequest.swift */ = {isa = PBXFileReference; lastKnownFileType = sourcecode.swift; path = FriendRequest.swift; sourceTree = "<group>"; };
		R91A2C3D4E5F0012 /* FriendsViewModel.swift */ = {isa = PBXFileReference; lastKnownFileType = sourcecode.swift; path = FriendsViewModel.swift; sourceTree = "<group>"; };
		R91A2C3D4E5F0013 /* FriendsListView.swift */ = {isa = PBXFileReference; lastKnownFileType = sourcecode.swift; path = FriendsListView.swift; sourceTree = "<group>"; };
		R91A2C3D4E5F0014 /* FriendRequestView.swift */ = {isa = PBXFileReference; lastKnownFileType = sourcecode.swift; path = FriendRequestView.swift; sourceTree = "<group>"; };
		R91A2C3D4E5F0015 /* AddFriendView.swift */ = {isa = PBXFileReference; lastKnownFileType = sourcecode.swift; path = AddFriendView.swift; sourceTree = "<group>"; };
		R91A2C3D4E5F0016 /* FriendProfileView.swift */ = {isa = PBXFileReference; lastKnownFileType = sourcecode.swift; path = FriendProfileView.swift; sourceTree = "<group>"; };
		R91A2C3D4E5F0017 /* FriendsViewModelTests.swift */ = {isa = PBXFileReference; lastKnownFileType = sourcecode.swift; path = FriendsViewModelTests.swift; sourceTree = "<group>"; };
		P91A2C3D4E5F0010 /* SubscriptionPlan.swift */ = {isa = PBXFileReference; lastKnownFileType = sourcecode.swift; path = SubscriptionPlan.swift; sourceTree = "<group>"; };
		P91A2C3D4E5F0011 /* PurchaseService.swift */ = {isa = PBXFileReference; lastKnownFileType = sourcecode.swift; path = PurchaseService.swift; sourceTree = "<group>"; };
		P91A2C3D4E5F0012 /* PurchaseViewModel.swift */ = {isa = PBXFileReference; lastKnownFileType = sourcecode.swift; path = PurchaseViewModel.swift; sourceTree = "<group>"; };
		P91A2C3D4E5F0013 /* PaywallView.swift */ = {isa = PBXFileReference; lastKnownFileType = sourcecode.swift; path = PaywallView.swift; sourceTree = "<group>"; };
		P91A2C3D4E5F0014 /* SubscriptionStatusView.swift */ = {isa = PBXFileReference; lastKnownFileType = sourcecode.swift; path = SubscriptionStatusView.swift; sourceTree = "<group>"; };
		P91A2C3D4E5F0015 /* PurchaseServiceTests.swift */ = {isa = PBXFileReference; lastKnownFileType = sourcecode.swift; path = PurchaseServiceTests.swift; sourceTree = "<group>"; };
		T91A2C3D4E5F0010 /* UsageData.swift */ = {isa = PBXFileReference; lastKnownFileType = sourcecode.swift; path = UsageData.swift; sourceTree = "<group>"; };
		T91A2C3D4E5F0011 /* UsageLimitsViewModel.swift */ = {isa = PBXFileReference; lastKnownFileType = sourcecode.swift; path = UsageLimitsViewModel.swift; sourceTree = "<group>"; };
		T91A2C3D4E5F0012 /* UsageLimitsWidget.swift */ = {isa = PBXFileReference; lastKnownFileType = sourcecode.swift; path = UsageLimitsWidget.swift; sourceTree = "<group>"; };
		T91A2C3D4E5F0013 /* UsageLimitsDetailView.swift */ = {isa = PBXFileReference; lastKnownFileType = sourcecode.swift; path = UsageLimitsDetailView.swift; sourceTree = "<group>"; };
		T91A2C3D4E5F0014 /* UsageLimitsTests.swift */ = {isa = PBXFileReference; lastKnownFileType = sourcecode.swift; path = UsageLimitsTests.swift; sourceTree = "<group>"; };
		V91A2C3D4E5F0010 /* SyncServiceReconnectionTests.swift */ = {isa = PBXFileReference; lastKnownFileType = sourcecode.swift; path = SyncServiceReconnectionTests.swift; sourceTree = "<group>"; };
		X91A2C3D4E5F0010 /* RevenueCatPurchaseService.swift */ = {isa = PBXFileReference; lastKnownFileType = sourcecode.swift; path = RevenueCatPurchaseService.swift; sourceTree = "<group>"; };
		X91A2C3D4E5F0011 /* EntitlementService.swift */ = {isa = PBXFileReference; lastKnownFileType = sourcecode.swift; path = EntitlementService.swift; sourceTree = "<group>"; };
		X91A2C3D4E5F0012 /* PurchaseAnalyticsService.swift */ = {isa = PBXFileReference; lastKnownFileType = sourcecode.swift; path = PurchaseAnalyticsService.swift; sourceTree = "<group>"; };
		X91A2C3D4E5F0013 /* RevenueCatPurchaseServiceTests.swift */ = {isa = PBXFileReference; lastKnownFileType = sourcecode.swift; path = RevenueCatPurchaseServiceTests.swift; sourceTree = "<group>"; };
		W91A2C3D4E5F0010 /* LiveKitVoiceChatService.swift */ = {isa = PBXFileReference; lastKnownFileType = sourcecode.swift; path = LiveKitVoiceChatService.swift; sourceTree = "<group>"; };
		W91A2C3D4E5F0011 /* VoiceChatViewModel.swift */ = {isa = PBXFileReference; lastKnownFileType = sourcecode.swift; path = VoiceChatViewModel.swift; sourceTree = "<group>"; };
		W91A2C3D4E5F0012 /* VoiceChatView.swift */ = {isa = PBXFileReference; lastKnownFileType = sourcecode.swift; path = VoiceChatView.swift; sourceTree = "<group>"; };
		W91A2C3D4E5F0013 /* AudioRoutingView.swift */ = {isa = PBXFileReference; lastKnownFileType = sourcecode.swift; path = AudioRoutingView.swift; sourceTree = "<group>"; };
/* End PBXFileReference section */

/* Begin PBXFrameworksBuildPhase section */
		0A1B2C3D4E5F6795 /* Frameworks */ = {
			isa = PBXFrameworksBuildPhase;
			buildActionMask = 2147483647;
			files = (
			);
			runOnlyForDeploymentPostprocessing = 0;
		};
		0A1B2C3D4E5F6796 /* Frameworks */ = {
			isa = PBXFrameworksBuildPhase;
			buildActionMask = 2147483647;
			files = (
			);
			runOnlyForDeploymentPostprocessing = 0;
		};
		0A1B2C3D4E5F6797 /* Frameworks */ = {
			isa = PBXFrameworksBuildPhase;
			buildActionMask = 2147483647;
			files = (
			);
			runOnlyForDeploymentPostprocessing = 0;
		};
/* End PBXFrameworksBuildPhase section */

/* Begin PBXGroup section */
		0A1B2C3D4E5F67A0 = {
			isa = PBXGroup;
			children = (
				0A1B2C3D4E5F67A1 /* Happy */,
				0A1B2C3D4E5F67A2 /* HappyTests */,
				0A1B2C3D4E5F67A3 /* HappyUITests */,
				0A1B2C3D4E5F67A4 /* Products */,
			);
			sourceTree = "<group>";
		};
		0A1B2C3D4E5F67A1 /* Happy */ = {
			isa = PBXGroup;
			children = (
				0A1B2C3D4E5F6780 /* HappyApp.swift */,
				0A1B2C3D4E5F6781 /* ContentView.swift */,
				0A1B2C3D4E5F67B0 /* Models */,
				0A1B2C3D4E5F67B1 /* Views */,
				0A1B2C3D4E5F67B2 /* ViewModels */,
				0A1B2C3D4E5F67B3 /* Services */,
				0A1B2C3D4E5F67B4 /* Utilities */,
				0A1B2C3D4E5F67B5 /* Resources */,
				0A1B2C3D4E5F6782 /* Assets.xcassets */,
				0A1B2C3D4E5F6788 /* Info.plist */,
				F91A2C3D4E5F0015 /* Happy.entitlements */,
				U91A2C3D4E5F0001 /* HappyRelease.entitlements */,
			);
			path = Happy;
			sourceTree = "<group>";
		};
		0A1B2C3D4E5F67A2 /* HappyTests */ = {
			isa = PBXGroup;
			children = (
				0A1B2C3D4E5F6783 /* HappyTests.swift */,
				B91A2C3D4E5F0017 /* QRCodePayloadTests.swift */,
				B91A2C3D4E5F0018 /* QRScannerViewModelTests.swift */,
				C91A2C3D4E5F0011 /* KeychainHelperTests.swift */,
				D91A2C3D4E5F0011 /* EncryptionServiceTests.swift */,
				E91A2C3D4E5F0013 /* APIServiceTests.swift */,
				F91A2C3D4E5F0013 /* PushNotificationServiceTests.swift */,
				F91A2C3D4E5F0014 /* NotificationSettingsViewModelTests.swift */,
				G91A2C3D4E5F0011 /* SyncServiceTests.swift */,
				H91A2C3D4E5F0012 /* AuthServiceTests.swift */,
				J91A2C3D4E5F0011 /* AuthenticationViewModelTests.swift */,
				K91A2C3D4E5F0015 /* SessionViewModelTests.swift */,
				L91A2C3D4E5F0010 /* QRScannerIntegrationTests.swift */,
				Q91A2C3D4E5F0016 /* ArtifactTests.swift */,
				Q91A2C3D4E5F0017 /* SyntaxHighlighterTests.swift */,
				R91A2C3D4E5F0017 /* FriendsViewModelTests.swift */,
				N91A2C3D4E5F0015 /* VoiceServiceTests.swift */,
				P91A2C3D4E5F0015 /* PurchaseServiceTests.swift */,
				T91A2C3D4E5F0014 /* UsageLimitsTests.swift */,
				V91A2C3D4E5F0010 /* SyncServiceReconnectionTests.swift */,
				X91A2C3D4E5F0013 /* RevenueCatPurchaseServiceTests.swift */,
			);
			path = HappyTests;
			sourceTree = "<group>";
		};
		0A1B2C3D4E5F67A3 /* HappyUITests */ = {
			isa = PBXGroup;
			children = (
				0A1B2C3D4E5F6784 /* HappyUITests.swift */,
				0A1B2C3D4E5F6785 /* HappyUITestsLaunchTests.swift */,
			);
			path = HappyUITests;
			sourceTree = "<group>";
		};
		0A1B2C3D4E5F67A4 /* Products */ = {
			isa = PBXGroup;
			children = (
				0A1B2C3D4E5F6772 /* Happy.app */,
				0A1B2C3D4E5F6786 /* HappyTests.xctest */,
				0A1B2C3D4E5F6787 /* HappyUITests.xctest */,
			);
			name = Products;
			sourceTree = "<group>";
		};
		0A1B2C3D4E5F67B0 /* Models */ = {
			isa = PBXGroup;
			children = (
				B91A2C3D4E5F0010 /* QRCodePayload.swift */,
				E91A2C3D4E5F0010 /* Session.swift */,
				E91A2C3D4E5F0011 /* Message.swift */,
				Q91A2C3D4E5F0010 /* Artifact.swift */,
				R91A2C3D4E5F0010 /* Friend.swift */,
				R91A2C3D4E5F0011 /* FriendRequest.swift */,
				N91A2C3D4E5F0010 /* VoiceSettings.swift */,
				P91A2C3D4E5F0010 /* SubscriptionPlan.swift */,
				T91A2C3D4E5F0010 /* UsageData.swift */,
			);
			path = Models;
			sourceTree = "<group>";
		};
		0A1B2C3D4E5F67B1 /* Views */ = {
			isa = PBXGroup;
			children = (
				B91A2C3D4E5F0013 /* CameraPreviewView.swift */,
				B91A2C3D4E5F0014 /* CameraPermissionDeniedView.swift */,
				B91A2C3D4E5F0015 /* PairingConfirmationView.swift */,
				J91A2C3D4E5F0010 /* PairingProgressView.swift */,
				B91A2C3D4E5F0016 /* QRScannerView.swift */,
				F91A2C3D4E5F0012 /* NotificationSettingsView.swift */,
				K91A2C3D4E5F0012 /* SessionListView.swift */,
				K91A2C3D4E5F0013 /* SessionDetailView.swift */,
				K91A2C3D4E5F0014 /* SessionRowView.swift */,
				Q91A2C3D4E5F0012 /* ArtifactListView.swift */,
				Q91A2C3D4E5F0013 /* ArtifactDetailView.swift */,
				Q91A2C3D4E5F0014 /* CodeHighlightView.swift */,
				R91A2C3D4E5F0013 /* FriendsListView.swift */,
				R91A2C3D4E5F0014 /* FriendRequestView.swift */,
				R91A2C3D4E5F0015 /* AddFriendView.swift */,
				R91A2C3D4E5F0016 /* FriendProfileView.swift */,
				N91A2C3D4E5F0013 /* VoiceControlView.swift */,
				N91A2C3D4E5F0014 /* VoiceSettingsView.swift */,
				P91A2C3D4E5F0013 /* PaywallView.swift */,
				P91A2C3D4E5F0014 /* SubscriptionStatusView.swift */,
				T91A2C3D4E5F0012 /* UsageLimitsWidget.swift */,
				T91A2C3D4E5F0013 /* UsageLimitsDetailView.swift */,
				W91A2C3D4E5F0012 /* VoiceChatView.swift */,
				W91A2C3D4E5F0013 /* AudioRoutingView.swift */,
			);
			path = Views;
			sourceTree = "<group>";
		};
		0A1B2C3D4E5F67B2 /* ViewModels */ = {
			isa = PBXGroup;
			children = (
				B91A2C3D4E5F0012 /* QRScannerViewModel.swift */,
				F91A2C3D4E5F0011 /* NotificationSettingsViewModel.swift */,
				H91A2C3D4E5F0011 /* AuthenticationViewModel.swift */,
				K91A2C3D4E5F0010 /* SessionListViewModel.swift */,
				K91A2C3D4E5F0011 /* SessionDetailViewModel.swift */,
				Q91A2C3D4E5F0011 /* ArtifactViewModel.swift */,
				R91A2C3D4E5F0012 /* FriendsViewModel.swift */,
				N91A2C3D4E5F0012 /* VoiceViewModel.swift */,
				P91A2C3D4E5F0012 /* PurchaseViewModel.swift */,
				T91A2C3D4E5F0011 /* UsageLimitsViewModel.swift */,
				W91A2C3D4E5F0011 /* VoiceChatViewModel.swift */,
			);
			path = ViewModels;
			sourceTree = "<group>";
		};
		0A1B2C3D4E5F67B3 /* Services */ = {
			isa = PBXGroup;
			children = (
				B91A2C3D4E5F0011 /* CameraPermissionService.swift */,
				D91A2C3D4E5F0010 /* EncryptionService.swift */,
				E91A2C3D4E5F0012 /* APIService.swift */,
				F91A2C3D4E5F0010 /* PushNotificationService.swift */,
				G91A2C3D4E5F0010 /* SyncService.swift */,
				H91A2C3D4E5F0010 /* AuthService.swift */,
				N91A2C3D4E5F0011 /* VoiceService.swift */,
				P91A2C3D4E5F0011 /* PurchaseService.swift */,
				X91A2C3D4E5F0010 /* RevenueCatPurchaseService.swift */,
				X91A2C3D4E5F0011 /* EntitlementService.swift */,
				X91A2C3D4E5F0012 /* PurchaseAnalyticsService.swift */,
				W91A2C3D4E5F0010 /* LiveKitVoiceChatService.swift */,
			);
			path = Services;
			sourceTree = "<group>";
		};
		0A1B2C3D4E5F67B4 /* Utilities */ = {
			isa = PBXGroup;
			children = (
				C91A2C3D4E5F0010 /* KeychainHelper.swift */,
				M91A2C3D4E5F0010 /* String+Localization.swift */,
				Q91A2C3D4E5F0015 /* SyntaxHighlighter.swift */,
			);
			path = Utilities;
			sourceTree = "<group>";
		};
		0A1B2C3D4E5F67B5 /* Resources */ = {
			isa = PBXGroup;
			children = (
				M91A2C3D4E5F0020 /* Localizable.strings */,
				M91A2C3D4E5F0030 /* Localizable.stringsdict */,
				M91A2C3D4E5F0040 /* InfoPlist.strings */,
			);
			path = Resources;
			sourceTree = "<group>";
		};
/* End PBXGroup section */

/* Begin PBXVariantGroup section */
		M91A2C3D4E5F0020 /* Localizable.strings */ = {
			isa = PBXVariantGroup;
			children = (
				M91A2C3D4E5F0021 /* en */,
				M91A2C3D4E5F0022 /* es */,
				M91A2C3D4E5F0023 /* fr */,
				M91A2C3D4E5F0024 /* de */,
				M91A2C3D4E5F0025 /* ja */,
				M91A2C3D4E5F0026 /* zh-Hans */,
				M91A2C3D4E5F0027 /* ko */,
			);
			name = Localizable.strings;
			sourceTree = "<group>";
		};
		M91A2C3D4E5F0030 /* Localizable.stringsdict */ = {
			isa = PBXVariantGroup;
			children = (
				M91A2C3D4E5F0031 /* en */,
				M91A2C3D4E5F0032 /* es */,
				M91A2C3D4E5F0033 /* fr */,
				M91A2C3D4E5F0034 /* de */,
				M91A2C3D4E5F0035 /* ja */,
				M91A2C3D4E5F0036 /* zh-Hans */,
				M91A2C3D4E5F0037 /* ko */,
			);
			name = Localizable.stringsdict;
			sourceTree = "<group>";
		};
		M91A2C3D4E5F0040 /* InfoPlist.strings */ = {
			isa = PBXVariantGroup;
			children = (
				M91A2C3D4E5F0041 /* en */,
				M91A2C3D4E5F0042 /* es */,
				M91A2C3D4E5F0043 /* fr */,
				M91A2C3D4E5F0044 /* de */,
				M91A2C3D4E5F0045 /* ja */,
				M91A2C3D4E5F0046 /* zh-Hans */,
				M91A2C3D4E5F0047 /* ko */,
			);
			name = InfoPlist.strings;
			sourceTree = "<group>";
		};
/* End PBXVariantGroup section */

/* Begin PBXNativeTarget section */
		0A1B2C3D4E5F6771 /* Happy */ = {
			isa = PBXNativeTarget;
			buildConfigurationList = 0A1B2C3D4E5F67C0 /* Build configuration list for PBXNativeTarget "Happy" */;
			buildPhases = (
				0A1B2C3D4E5F67D0 /* Sources */,
				0A1B2C3D4E5F6795 /* Frameworks */,
				0A1B2C3D4E5F67D1 /* Resources */,
			);
			buildRules = (
			);
			dependencies = (
			);
			name = Happy;
			productName = Happy;
			productReference = 0A1B2C3D4E5F6772 /* Happy.app */;
			productType = "com.apple.product-type.application";
		};
		0A1B2C3D4E5F6773 /* HappyTests */ = {
			isa = PBXNativeTarget;
			buildConfigurationList = 0A1B2C3D4E5F67C1 /* Build configuration list for PBXNativeTarget "HappyTests" */;
			buildPhases = (
				0A1B2C3D4E5F67D2 /* Sources */,
				0A1B2C3D4E5F6796 /* Frameworks */,
				0A1B2C3D4E5F67D3 /* Resources */,
			);
			buildRules = (
			);
			dependencies = (
				0A1B2C3D4E5F6792 /* PBXTargetDependency */,
			);
			name = HappyTests;
			productName = HappyTests;
			productReference = 0A1B2C3D4E5F6786 /* HappyTests.xctest */;
			productType = "com.apple.product-type.bundle.unit-test";
		};
		0A1B2C3D4E5F6774 /* HappyUITests */ = {
			isa = PBXNativeTarget;
			buildConfigurationList = 0A1B2C3D4E5F67C2 /* Build configuration list for PBXNativeTarget "HappyUITests" */;
			buildPhases = (
				0A1B2C3D4E5F67D4 /* Sources */,
				0A1B2C3D4E5F6797 /* Frameworks */,
				0A1B2C3D4E5F67D5 /* Resources */,
			);
			buildRules = (
			);
			dependencies = (
				0A1B2C3D4E5F6793 /* PBXTargetDependency */,
			);
			name = HappyUITests;
			productName = HappyUITests;
			productReference = 0A1B2C3D4E5F6787 /* HappyUITests.xctest */;
			productType = "com.apple.product-type.bundle.ui-testing";
		};
/* End PBXNativeTarget section */

/* Begin PBXProject section */
		0A1B2C3D4E5F6770 /* Project object */ = {
			isa = PBXProject;
			attributes = {
				BuildIndependentTargetsInParallel = 1;
				LastSwiftUpdateCheck = 1500;
				LastUpgradeCheck = 1500;
				TargetAttributes = {
					0A1B2C3D4E5F6771 = {
						CreatedOnToolsVersion = 15.0;
						SystemCapabilities = {
							com.apple.Push = {
								enabled = 1;
							};
							com.apple.BackgroundModes = {
								enabled = 1;
							};
							com.apple.InAppPurchase = {
								enabled = 1;
							};
						};
					};
					0A1B2C3D4E5F6773 = {
						CreatedOnToolsVersion = 15.0;
						TestTargetID = 0A1B2C3D4E5F6771;
					};
					0A1B2C3D4E5F6774 = {
						CreatedOnToolsVersion = 15.0;
						TestTargetID = 0A1B2C3D4E5F6771;
					};
				};
			};
			buildConfigurationList = 0A1B2C3D4E5F67C3 /* Build configuration list for PBXProject "Happy" */;
			compatibilityVersion = "Xcode 14.0";
			developmentRegion = en;
			hasScannedForEncodings = 0;
			knownRegions = (
				en,
				Base,
				es,
				fr,
				de,
				ja,
				"zh-Hans",
				ko,
			);
			mainGroup = 0A1B2C3D4E5F67A0;
			productRefGroup = 0A1B2C3D4E5F67A4 /* Products */;
			projectDirPath = "";
			projectRoot = "";
			targets = (
				0A1B2C3D4E5F6771 /* Happy */,
				0A1B2C3D4E5F6773 /* HappyTests */,
				0A1B2C3D4E5F6774 /* HappyUITests */,
			);
		};
/* End PBXProject section */

/* Begin PBXResourcesBuildPhase section */
		0A1B2C3D4E5F67D1 /* Resources */ = {
			isa = PBXResourcesBuildPhase;
			buildActionMask = 2147483647;
			files = (
				0A1B2C3D4E5F678B /* Assets.xcassets in Resources */,
				M91A2C3D4E5F0002 /* Localizable.strings in Resources */,
				M91A2C3D4E5F0003 /* Localizable.stringsdict in Resources */,
				M91A2C3D4E5F0004 /* InfoPlist.strings in Resources */,
			);
			runOnlyForDeploymentPostprocessing = 0;
		};
		0A1B2C3D4E5F67D3 /* Resources */ = {
			isa = PBXResourcesBuildPhase;
			buildActionMask = 2147483647;
			files = (
			);
			runOnlyForDeploymentPostprocessing = 0;
		};
		0A1B2C3D4E5F67D5 /* Resources */ = {
			isa = PBXResourcesBuildPhase;
			buildActionMask = 2147483647;
			files = (
			);
			runOnlyForDeploymentPostprocessing = 0;
		};
/* End PBXResourcesBuildPhase section */

/* Begin PBXSourcesBuildPhase section */
		0A1B2C3D4E5F67D0 /* Sources */ = {
			isa = PBXSourcesBuildPhase;
			buildActionMask = 2147483647;
			files = (
				0A1B2C3D4E5F6789 /* HappyApp.swift in Sources */,
				0A1B2C3D4E5F678A /* ContentView.swift in Sources */,
				B91A2C3D4E5F0001 /* QRCodePayload.swift in Sources */,
				B91A2C3D4E5F0002 /* CameraPermissionService.swift in Sources */,
				B91A2C3D4E5F0003 /* QRScannerViewModel.swift in Sources */,
				B91A2C3D4E5F0004 /* CameraPreviewView.swift in Sources */,
				B91A2C3D4E5F0005 /* CameraPermissionDeniedView.swift in Sources */,
				B91A2C3D4E5F0006 /* PairingConfirmationView.swift in Sources */,
				B91A2C3D4E5F0007 /* QRScannerView.swift in Sources */,
				C91A2C3D4E5F0001 /* KeychainHelper.swift in Sources */,
				D91A2C3D4E5F0001 /* EncryptionService.swift in Sources */,
				E91A2C3D4E5F0001 /* Session.swift in Sources */,
				E91A2C3D4E5F0002 /* Message.swift in Sources */,
				E91A2C3D4E5F0003 /* APIService.swift in Sources */,
				F91A2C3D4E5F0001 /* PushNotificationService.swift in Sources */,
				F91A2C3D4E5F0002 /* NotificationSettingsViewModel.swift in Sources */,
				F91A2C3D4E5F0003 /* NotificationSettingsView.swift in Sources */,
				G91A2C3D4E5F0001 /* SyncService.swift in Sources */,
				H91A2C3D4E5F0001 /* AuthService.swift in Sources */,
				H91A2C3D4E5F0002 /* AuthenticationViewModel.swift in Sources */,
				J91A2C3D4E5F0001 /* PairingProgressView.swift in Sources */,
				K91A2C3D4E5F0001 /* SessionListViewModel.swift in Sources */,
				K91A2C3D4E5F0002 /* SessionDetailViewModel.swift in Sources */,
				K91A2C3D4E5F0003 /* SessionListView.swift in Sources */,
				K91A2C3D4E5F0004 /* SessionDetailView.swift in Sources */,
				K91A2C3D4E5F0005 /* SessionRowView.swift in Sources */,
				M91A2C3D4E5F0001 /* String+Localization.swift in Sources */,
				Q91A2C3D4E5F0001 /* Artifact.swift in Sources */,
				Q91A2C3D4E5F0002 /* ArtifactViewModel.swift in Sources */,
				Q91A2C3D4E5F0003 /* ArtifactListView.swift in Sources */,
				Q91A2C3D4E5F0004 /* ArtifactDetailView.swift in Sources */,
				Q91A2C3D4E5F0005 /* CodeHighlightView.swift in Sources */,
				Q91A2C3D4E5F0006 /* SyntaxHighlighter.swift in Sources */,
				R91A2C3D4E5F0001 /* Friend.swift in Sources */,
				R91A2C3D4E5F0002 /* FriendRequest.swift in Sources */,
				R91A2C3D4E5F0003 /* FriendsViewModel.swift in Sources */,
				R91A2C3D4E5F0004 /* FriendsListView.swift in Sources */,
				R91A2C3D4E5F0005 /* FriendRequestView.swift in Sources */,
				R91A2C3D4E5F0006 /* AddFriendView.swift in Sources */,
				R91A2C3D4E5F0007 /* FriendProfileView.swift in Sources */,
				N91A2C3D4E5F0001 /* VoiceSettings.swift in Sources */,
				N91A2C3D4E5F0002 /* VoiceService.swift in Sources */,
				N91A2C3D4E5F0003 /* VoiceViewModel.swift in Sources */,
				N91A2C3D4E5F0004 /* VoiceControlView.swift in Sources */,
				N91A2C3D4E5F0005 /* VoiceSettingsView.swift in Sources */,
				P91A2C3D4E5F0001 /* SubscriptionPlan.swift in Sources */,
				P91A2C3D4E5F0002 /* PurchaseService.swift in Sources */,
				P91A2C3D4E5F0003 /* PurchaseViewModel.swift in Sources */,
				P91A2C3D4E5F0004 /* PaywallView.swift in Sources */,
				P91A2C3D4E5F0005 /* SubscriptionStatusView.swift in Sources */,
				T91A2C3D4E5F0001 /* UsageData.swift in Sources */,
				T91A2C3D4E5F0002 /* UsageLimitsViewModel.swift in Sources */,
				T91A2C3D4E5F0003 /* UsageLimitsWidget.swift in Sources */,
				T91A2C3D4E5F0004 /* UsageLimitsDetailView.swift in Sources */,
				X91A2C3D4E5F0001 /* RevenueCatPurchaseService.swift in Sources */,
				X91A2C3D4E5F0002 /* EntitlementService.swift in Sources */,
				X91A2C3D4E5F0003 /* PurchaseAnalyticsService.swift in Sources */,
				W91A2C3D4E5F0001 /* LiveKitVoiceChatService.swift in Sources */,
				W91A2C3D4E5F0002 /* VoiceChatViewModel.swift in Sources */,
				W91A2C3D4E5F0003 /* VoiceChatView.swift in Sources */,
				W91A2C3D4E5F0004 /* AudioRoutingView.swift in Sources */,
			);
			runOnlyForDeploymentPostprocessing = 0;
		};
		0A1B2C3D4E5F67D2 /* Sources */ = {
			isa = PBXSourcesBuildPhase;
			buildActionMask = 2147483647;
			files = (
				0A1B2C3D4E5F678C /* HappyTests.swift in Sources */,
				B91A2C3D4E5F0008 /* QRCodePayloadTests.swift in Sources */,
				B91A2C3D4E5F0009 /* QRScannerViewModelTests.swift in Sources */,
				C91A2C3D4E5F0002 /* KeychainHelperTests.swift in Sources */,
				D91A2C3D4E5F0002 /* EncryptionServiceTests.swift in Sources */,
				E91A2C3D4E5F0004 /* APIServiceTests.swift in Sources */,
				F91A2C3D4E5F0004 /* PushNotificationServiceTests.swift in Sources */,
				F91A2C3D4E5F0005 /* NotificationSettingsViewModelTests.swift in Sources */,
				G91A2C3D4E5F0002 /* SyncServiceTests.swift in Sources */,
				H91A2C3D4E5F0003 /* AuthServiceTests.swift in Sources */,
				J91A2C3D4E5F0002 /* AuthenticationViewModelTests.swift in Sources */,
				K91A2C3D4E5F0006 /* SessionViewModelTests.swift in Sources */,
				L91A2C3D4E5F0001 /* QRScannerIntegrationTests.swift in Sources */,
				Q91A2C3D4E5F0007 /* ArtifactTests.swift in Sources */,
				Q91A2C3D4E5F0008 /* SyntaxHighlighterTests.swift in Sources */,
				R91A2C3D4E5F0008 /* FriendsViewModelTests.swift in Sources */,
				N91A2C3D4E5F0006 /* VoiceServiceTests.swift in Sources */,
				P91A2C3D4E5F0006 /* PurchaseServiceTests.swift in Sources */,
				T91A2C3D4E5F0005 /* UsageLimitsTests.swift in Sources */,
				V91A2C3D4E5F0001 /* SyncServiceReconnectionTests.swift in Sources */,
				X91A2C3D4E5F0004 /* RevenueCatPurchaseServiceTests.swift in Sources */,
			);
			runOnlyForDeploymentPostprocessing = 0;
		};
		0A1B2C3D4E5F67D4 /* Sources */ = {
			isa = PBXSourcesBuildPhase;
			buildActionMask = 2147483647;
			files = (
				0A1B2C3D4E5F678D /* HappyUITests.swift in Sources */,
				0A1B2C3D4E5F678E /* HappyUITestsLaunchTests.swift in Sources */,
			);
			runOnlyForDeploymentPostprocessing = 0;
		};
/* End PBXSourcesBuildPhase section */

/* Begin PBXTargetDependency section */
		0A1B2C3D4E5F6792 /* PBXTargetDependency */ = {
			isa = PBXTargetDependency;
			target = 0A1B2C3D4E5F6771 /* Happy */;
			targetProxy = 0A1B2C3D4E5F6790 /* PBXContainerItemProxy */;
		};
		0A1B2C3D4E5F6793 /* PBXTargetDependency */ = {
			isa = PBXTargetDependency;
			target = 0A1B2C3D4E5F6771 /* Happy */;
			targetProxy = 0A1B2C3D4E5F6791 /* PBXContainerItemProxy */;
		};
/* End PBXTargetDependency section */

/* Begin XCBuildConfiguration section */
		0A1B2C3D4E5F67E0 /* Debug */ = {
			isa = XCBuildConfiguration;
			buildSettings = {
				ALWAYS_SEARCH_USER_PATHS = NO;
				ASSETCATALOG_COMPILER_GENERATE_SWIFT_ASSET_SYMBOL_EXTENSIONS = YES;
				CLANG_ANALYZER_NONNULL = YES;
				CLANG_ANALYZER_NUMBER_OBJECT_CONVERSION = YES_AGGRESSIVE;
				CLANG_CXX_LANGUAGE_STANDARD = "gnu++20";
				CLANG_ENABLE_MODULES = YES;
				CLANG_ENABLE_OBJC_ARC = YES;
				CLANG_ENABLE_OBJC_WEAK = YES;
				CLANG_WARN_BLOCK_CAPTURE_AUTORELEASING = YES;
				CLANG_WARN_BOOL_CONVERSION = YES;
				CLANG_WARN_COMMA = YES;
				CLANG_WARN_CONSTANT_CONVERSION = YES;
				CLANG_WARN_DEPRECATED_OBJC_IMPLEMENTATIONS = YES;
				CLANG_WARN_DIRECT_OBJC_ISA_USAGE = YES_ERROR;
				CLANG_WARN_DOCUMENTATION_COMMENTS = YES;
				CLANG_WARN_EMPTY_BODY = YES;
				CLANG_WARN_ENUM_CONVERSION = YES;
				CLANG_WARN_INFINITE_RECURSION = YES;
				CLANG_WARN_INT_CONVERSION = YES;
				CLANG_WARN_NON_LITERAL_NULL_CONVERSION = YES;
				CLANG_WARN_OBJC_IMPLICIT_RETAIN_SELF = YES;
				CLANG_WARN_OBJC_LITERAL_CONVERSION = YES;
				CLANG_WARN_OBJC_ROOT_CLASS = YES_ERROR;
				CLANG_WARN_QUOTED_INCLUDE_IN_FRAMEWORK_HEADER = YES;
				CLANG_WARN_RANGE_LOOP_ANALYSIS = YES;
				CLANG_WARN_STRICT_PROTOTYPES = YES;
				CLANG_WARN_SUSPICIOUS_MOVE = YES;
				CLANG_WARN_UNGUARDED_AVAILABILITY = YES_AGGRESSIVE;
				CLANG_WARN_UNREACHABLE_CODE = YES;
				CLANG_WARN__DUPLICATE_METHOD_MATCH = YES;
				COPY_PHASE_STRIP = NO;
				DEBUG_INFORMATION_FORMAT = dwarf;
				ENABLE_STRICT_OBJC_MSGSEND = YES;
				ENABLE_TESTABILITY = YES;
				ENABLE_USER_SCRIPT_SANDBOXING = YES;
				GCC_C_LANGUAGE_STANDARD = gnu17;
				GCC_DYNAMIC_NO_PIC = NO;
				GCC_NO_COMMON_BLOCKS = YES;
				GCC_OPTIMIZATION_LEVEL = 0;
				GCC_PREPROCESSOR_DEFINITIONS = (
					"DEBUG=1",
					"$(inherited)",
				);
				GCC_WARN_64_TO_32_BIT_CONVERSION = YES;
				GCC_WARN_ABOUT_RETURN_TYPE = YES_ERROR;
				GCC_WARN_UNDECLARED_SELECTOR = YES;
				GCC_WARN_UNINITIALIZED_AUTOS = YES_AGGRESSIVE;
				GCC_WARN_UNUSED_FUNCTION = YES;
				GCC_WARN_UNUSED_VARIABLE = YES;
				IPHONEOS_DEPLOYMENT_TARGET = 16.0;
				LOCALIZATION_PREFERS_STRING_CATALOGS = YES;
				MTL_ENABLE_DEBUG_INFO = INCLUDE_SOURCE;
				MTL_FAST_MATH = YES;
				ONLY_ACTIVE_ARCH = YES;
				SDKROOT = iphoneos;
				SWIFT_ACTIVE_COMPILATION_CONDITIONS = "DEBUG $(inherited)";
				SWIFT_OPTIMIZATION_LEVEL = "-Onone";
			};
			name = Debug;
		};
		0A1B2C3D4E5F67E1 /* Release */ = {
			isa = XCBuildConfiguration;
			buildSettings = {
				ALWAYS_SEARCH_USER_PATHS = NO;
				ASSETCATALOG_COMPILER_GENERATE_SWIFT_ASSET_SYMBOL_EXTENSIONS = YES;
				CLANG_ANALYZER_NONNULL = YES;
				CLANG_ANALYZER_NUMBER_OBJECT_CONVERSION = YES_AGGRESSIVE;
				CLANG_CXX_LANGUAGE_STANDARD = "gnu++20";
				CLANG_ENABLE_MODULES = YES;
				CLANG_ENABLE_OBJC_ARC = YES;
				CLANG_ENABLE_OBJC_WEAK = YES;
				CLANG_WARN_BLOCK_CAPTURE_AUTORELEASING = YES;
				CLANG_WARN_BOOL_CONVERSION = YES;
				CLANG_WARN_COMMA = YES;
				CLANG_WARN_CONSTANT_CONVERSION = YES;
				CLANG_WARN_DEPRECATED_OBJC_IMPLEMENTATIONS = YES;
				CLANG_WARN_DIRECT_OBJC_ISA_USAGE = YES_ERROR;
				CLANG_WARN_DOCUMENTATION_COMMENTS = YES;
				CLANG_WARN_EMPTY_BODY = YES;
				CLANG_WARN_ENUM_CONVERSION = YES;
				CLANG_WARN_INFINITE_RECURSION = YES;
				CLANG_WARN_INT_CONVERSION = YES;
				CLANG_WARN_NON_LITERAL_NULL_CONVERSION = YES;
				CLANG_WARN_OBJC_IMPLICIT_RETAIN_SELF = YES;
				CLANG_WARN_OBJC_LITERAL_CONVERSION = YES;
				CLANG_WARN_OBJC_ROOT_CLASS = YES_ERROR;
				CLANG_WARN_QUOTED_INCLUDE_IN_FRAMEWORK_HEADER = YES;
				CLANG_WARN_RANGE_LOOP_ANALYSIS = YES;
				CLANG_WARN_STRICT_PROTOTYPES = YES;
				CLANG_WARN_SUSPICIOUS_MOVE = YES;
				CLANG_WARN_UNGUARDED_AVAILABILITY = YES_AGGRESSIVE;
				CLANG_WARN_UNREACHABLE_CODE = YES;
				CLANG_WARN__DUPLICATE_METHOD_MATCH = YES;
				COPY_PHASE_STRIP = NO;
				DEBUG_INFORMATION_FORMAT = "dwarf-with-dsym";
				ENABLE_NS_ASSERTIONS = NO;
				ENABLE_STRICT_OBJC_MSGSEND = YES;
				ENABLE_USER_SCRIPT_SANDBOXING = YES;
				GCC_C_LANGUAGE_STANDARD = gnu17;
				GCC_NO_COMMON_BLOCKS = YES;
				GCC_WARN_64_TO_32_BIT_CONVERSION = YES;
				GCC_WARN_ABOUT_RETURN_TYPE = YES_ERROR;
				GCC_WARN_UNDECLARED_SELECTOR = YES;
				GCC_WARN_UNINITIALIZED_AUTOS = YES_AGGRESSIVE;
				GCC_WARN_UNUSED_FUNCTION = YES;
				GCC_WARN_UNUSED_VARIABLE = YES;
				IPHONEOS_DEPLOYMENT_TARGET = 16.0;
				LOCALIZATION_PREFERS_STRING_CATALOGS = YES;
				MTL_ENABLE_DEBUG_INFO = NO;
				MTL_FAST_MATH = YES;
				SDKROOT = iphoneos;
				SWIFT_COMPILATION_MODE = wholemodule;
				VALIDATE_PRODUCT = YES;
			};
			name = Release;
		};
		0A1B2C3D4E5F67E2 /* Debug */ = {
			isa = XCBuildConfiguration;
			buildSettings = {
				ASSETCATALOG_COMPILER_APPICON_NAME = AppIcon;
				ASSETCATALOG_COMPILER_GLOBAL_ACCENT_COLOR_NAME = AccentColor;
				CODE_SIGN_ENTITLEMENTS = Happy/Happy.entitlements;
				CODE_SIGN_STYLE = Automatic;
				CURRENT_PROJECT_VERSION = 1;
				DEVELOPMENT_TEAM = "";
				ENABLE_PREVIEWS = YES;
				GENERATE_INFOPLIST_FILE = YES;
				INFOPLIST_FILE = Happy/Info.plist;
				INFOPLIST_KEY_CFBundleDisplayName = Happy;
				INFOPLIST_KEY_NSCameraUsageDescription = "Happy needs camera access to scan QR codes for connecting to Claude Code CLI.";
				INFOPLIST_KEY_UIApplicationSceneManifest_Generation = YES;
				INFOPLIST_KEY_UIApplicationSupportsIndirectInputEvents = YES;
				INFOPLIST_KEY_UILaunchScreen_Generation = YES;
				INFOPLIST_KEY_UISupportedInterfaceOrientations_iPad = "UIInterfaceOrientationPortrait UIInterfaceOrientationPortraitUpsideDown UIInterfaceOrientationLandscapeLeft UIInterfaceOrientationLandscapeRight";
				INFOPLIST_KEY_UISupportedInterfaceOrientations_iPhone = "UIInterfaceOrientationPortrait UIInterfaceOrientationLandscapeLeft UIInterfaceOrientationLandscapeRight";
				LD_RUNPATH_SEARCH_PATHS = (
					"$(inherited)",
					"@executable_path/Frameworks",
				);
				MARKETING_VERSION = 1.0;
				PRODUCT_BUNDLE_IDENTIFIER = media.enflame.happy.ios;
				PRODUCT_NAME = "$(TARGET_NAME)";
				SWIFT_EMIT_LOC_STRINGS = YES;
				SWIFT_VERSION = 5.0;
				TARGETED_DEVICE_FAMILY = "1,2";
			};
			name = Debug;
		};
		0A1B2C3D4E5F67E3 /* Release */ = {
			isa = XCBuildConfiguration;
			buildSettings = {
				ASSETCATALOG_COMPILER_APPICON_NAME = AppIcon;
				ASSETCATALOG_COMPILER_GLOBAL_ACCENT_COLOR_NAME = AccentColor;
				CODE_SIGN_ENTITLEMENTS = Happy/HappyRelease.entitlements;
				CODE_SIGN_STYLE = Automatic;
				CURRENT_PROJECT_VERSION = 1;
				DEVELOPMENT_TEAM = "";
				ENABLE_PREVIEWS = YES;
				GENERATE_INFOPLIST_FILE = YES;
				INFOPLIST_FILE = Happy/Info.plist;
				INFOPLIST_KEY_CFBundleDisplayName = Happy;
				INFOPLIST_KEY_NSCameraUsageDescription = "Happy needs camera access to scan QR codes for connecting to Claude Code CLI.";
				INFOPLIST_KEY_UIApplicationSceneManifest_Generation = YES;
				INFOPLIST_KEY_UIApplicationSupportsIndirectInputEvents = YES;
				INFOPLIST_KEY_UILaunchScreen_Generation = YES;
				INFOPLIST_KEY_UISupportedInterfaceOrientations_iPad = "UIInterfaceOrientationPortrait UIInterfaceOrientationPortraitUpsideDown UIInterfaceOrientationLandscapeLeft UIInterfaceOrientationLandscapeRight";
				INFOPLIST_KEY_UISupportedInterfaceOrientations_iPhone = "UIInterfaceOrientationPortrait UIInterfaceOrientationLandscapeLeft UIInterfaceOrientationLandscapeRight";
				LD_RUNPATH_SEARCH_PATHS = (
					"$(inherited)",
					"@executable_path/Frameworks",
				);
				MARKETING_VERSION = 1.0;
				PRODUCT_BUNDLE_IDENTIFIER = media.enflame.happy.ios;
				PRODUCT_NAME = "$(TARGET_NAME)";
				SWIFT_EMIT_LOC_STRINGS = YES;
				SWIFT_VERSION = 5.0;
				TARGETED_DEVICE_FAMILY = "1,2";
			};
			name = Release;
		};
		0A1B2C3D4E5F67E4 /* Debug */ = {
			isa = XCBuildConfiguration;
			buildSettings = {
				ALWAYS_EMBED_SWIFT_STANDARD_LIBRARIES = YES;
				BUNDLE_LOADER = "$(TEST_HOST)";
				CODE_SIGN_STYLE = Automatic;
				CURRENT_PROJECT_VERSION = 1;
				DEVELOPMENT_TEAM = "";
				GENERATE_INFOPLIST_FILE = YES;
				IPHONEOS_DEPLOYMENT_TARGET = 16.0;
				MARKETING_VERSION = 1.0;
				PRODUCT_BUNDLE_IDENTIFIER = media.enflame.happy.ios.HappyTests;
				PRODUCT_NAME = "$(TARGET_NAME)";
				SWIFT_EMIT_LOC_STRINGS = NO;
				SWIFT_VERSION = 5.0;
				TARGETED_DEVICE_FAMILY = "1,2";
				TEST_HOST = "$(BUILT_PRODUCTS_DIR)/Happy.app/$(BUNDLE_EXECUTABLE_FOLDER_PATH)/Happy";
			};
			name = Debug;
		};
		0A1B2C3D4E5F67E5 /* Release */ = {
			isa = XCBuildConfiguration;
			buildSettings = {
				ALWAYS_EMBED_SWIFT_STANDARD_LIBRARIES = YES;
				BUNDLE_LOADER = "$(TEST_HOST)";
				CODE_SIGN_STYLE = Automatic;
				CURRENT_PROJECT_VERSION = 1;
				DEVELOPMENT_TEAM = "";
				GENERATE_INFOPLIST_FILE = YES;
				IPHONEOS_DEPLOYMENT_TARGET = 16.0;
				MARKETING_VERSION = 1.0;
				PRODUCT_BUNDLE_IDENTIFIER = media.enflame.happy.ios.HappyTests;
				PRODUCT_NAME = "$(TARGET_NAME)";
				SWIFT_EMIT_LOC_STRINGS = NO;
				SWIFT_VERSION = 5.0;
				TARGETED_DEVICE_FAMILY = "1,2";
				TEST_HOST = "$(BUILT_PRODUCTS_DIR)/Happy.app/$(BUNDLE_EXECUTABLE_FOLDER_PATH)/Happy";
			};
			name = Release;
		};
		0A1B2C3D4E5F67E6 /* Debug */ = {
			isa = XCBuildConfiguration;
			buildSettings = {
				ALWAYS_EMBED_SWIFT_STANDARD_LIBRARIES = YES;
				CODE_SIGN_STYLE = Automatic;
				CURRENT_PROJECT_VERSION = 1;
				DEVELOPMENT_TEAM = "";
				GENERATE_INFOPLIST_FILE = YES;
				IPHONEOS_DEPLOYMENT_TARGET = 16.0;
				MARKETING_VERSION = 1.0;
				PRODUCT_BUNDLE_IDENTIFIER = media.enflame.happy.ios.HappyUITests;
				PRODUCT_NAME = "$(TARGET_NAME)";
				SWIFT_EMIT_LOC_STRINGS = NO;
				SWIFT_VERSION = 5.0;
				TARGETED_DEVICE_FAMILY = "1,2";
				TEST_TARGET_NAME = Happy;
			};
			name = Debug;
		};
		0A1B2C3D4E5F67E7 /* Release */ = {
			isa = XCBuildConfiguration;
			buildSettings = {
				ALWAYS_EMBED_SWIFT_STANDARD_LIBRARIES = YES;
				CODE_SIGN_STYLE = Automatic;
				CURRENT_PROJECT_VERSION = 1;
				DEVELOPMENT_TEAM = "";
				GENERATE_INFOPLIST_FILE = YES;
				IPHONEOS_DEPLOYMENT_TARGET = 16.0;
				MARKETING_VERSION = 1.0;
				PRODUCT_BUNDLE_IDENTIFIER = media.enflame.happy.ios.HappyUITests;
				PRODUCT_NAME = "$(TARGET_NAME)";
				SWIFT_EMIT_LOC_STRINGS = NO;
				SWIFT_VERSION = 5.0;
				TARGETED_DEVICE_FAMILY = "1,2";
				TEST_TARGET_NAME = Happy;
			};
			name = Release;
		};
/* End XCBuildConfiguration section */

/* Begin XCConfigurationList section */
		0A1B2C3D4E5F67C0 /* Build configuration list for PBXNativeTarget "Happy" */ = {
			isa = XCConfigurationList;
			buildConfigurations = (
				0A1B2C3D4E5F67E2 /* Debug */,
				0A1B2C3D4E5F67E3 /* Release */,
			);
			defaultConfigurationIsVisible = 0;
			defaultConfigurationName = Release;
		};
		0A1B2C3D4E5F67C1 /* Build configuration list for PBXNativeTarget "HappyTests" */ = {
			isa = XCConfigurationList;
			buildConfigurations = (
				0A1B2C3D4E5F67E4 /* Debug */,
				0A1B2C3D4E5F67E5 /* Release */,
			);
			defaultConfigurationIsVisible = 0;
			defaultConfigurationName = Release;
		};
		0A1B2C3D4E5F67C2 /* Build configuration list for PBXNativeTarget "HappyUITests" */ = {
			isa = XCConfigurationList;
			buildConfigurations = (
				0A1B2C3D4E5F67E6 /* Debug */,
				0A1B2C3D4E5F67E7 /* Release */,
			);
			defaultConfigurationIsVisible = 0;
			defaultConfigurationName = Release;
		};
		0A1B2C3D4E5F67C3 /* Build configuration list for PBXProject "Happy" */ = {
			isa = XCConfigurationList;
			buildConfigurations = (
				0A1B2C3D4E5F67E0 /* Debug */,
				0A1B2C3D4E5F67E1 /* Release */,
			);
			defaultConfigurationIsVisible = 0;
			defaultConfigurationName = Release;
		};
/* End XCConfigurationList section */
	};
	rootObject = 0A1B2C3D4E5F6770 /* Project object */;
}
